// !$*UTF8*$!
{
	archiveVersion = 1;
	classes = {
	};
	objectVersion = 56;
	objects = {

/* Begin PBXBuildFile section */
		8413AB7C2AAC008F0053B71D /* UIViewCOntroller+Utils.swift in Sources */ = {isa = PBXBuildFile; fileRef = 8413AB7B2AAC008F0053B71D /* UIViewCOntroller+Utils.swift */; };
		8413AB7E2AAC03300053B71D /* MainViewController.swift in Sources */ = {isa = PBXBuildFile; fileRef = 8413AB7D2AAC032F0053B71D /* MainViewController.swift */; };
		8413AB822AAC81970053B71D /* AccountSummaryViewController.swift in Sources */ = {isa = PBXBuildFile; fileRef = 8413AB812AAC81970053B71D /* AccountSummaryViewController.swift */; };
		8413AB842AAC906E0053B71D /* AccounSummaryHeaderView.swift in Sources */ = {isa = PBXBuildFile; fileRef = 8413AB832AAC906E0053B71D /* AccounSummaryHeaderView.swift */; };
		8413AB862AAC91680053B71D /* AccountSummaryheaderView.xib in Resources */ = {isa = PBXBuildFile; fileRef = 8413AB852AAC91680053B71D /* AccountSummaryheaderView.xib */; };
		843418842AE9FD0800D8F071 /* CurrencyFormatterTests.swift in Sources */ = {isa = PBXBuildFile; fileRef = 843418832AE9FD0800D8F071 /* CurrencyFormatterTests.swift */; };
		846351AB2AAED6B1004CD857 /* DecimalUtils.swift in Sources */ = {isa = PBXBuildFile; fileRef = 846351AA2AAED6B1004CD857 /* DecimalUtils.swift */; };
		846351AD2AAED74F004CD857 /* CurencyFormatter.swift in Sources */ = {isa = PBXBuildFile; fileRef = 846351AC2AAED74F004CD857 /* CurencyFormatter.swift */; };
		847A67A42AAB52980061BC57 /* LocalState.swift in Sources */ = {isa = PBXBuildFile; fileRef = 847A67A32AAB52980061BC57 /* LocalState.swift */; };
		84A297982A83AB2F001DEBCD /* OnboardingViewController.swift in Sources */ = {isa = PBXBuildFile; fileRef = 84A297972A83AB2F001DEBCD /* OnboardingViewController.swift */; };
		84A2979A2A83AECD001DEBCD /* OnboardingContainerViewController.swift in Sources */ = {isa = PBXBuildFile; fileRef = 84A297992A83AECD001DEBCD /* OnboardingContainerViewController.swift */; };
		84A4B45C2A829F1200C291C9 /* AppDelegate.swift in Sources */ = {isa = PBXBuildFile; fileRef = 84A4B45B2A829F1200C291C9 /* AppDelegate.swift */; };
		84A4B4602A829F1200C291C9 /* LoginViewController.swift in Sources */ = {isa = PBXBuildFile; fileRef = 84A4B45F2A829F1200C291C9 /* LoginViewController.swift */; };
		84A4B4652A829F1400C291C9 /* Assets.xcassets in Resources */ = {isa = PBXBuildFile; fileRef = 84A4B4642A829F1400C291C9 /* Assets.xcassets */; };
		84A4B4682A829F1400C291C9 /* LaunchScreen.storyboard in Resources */ = {isa = PBXBuildFile; fileRef = 84A4B4662A829F1400C291C9 /* LaunchScreen.storyboard */; };
		84A4B4732A82A27D00C291C9 /* LoginView.swift in Sources */ = {isa = PBXBuildFile; fileRef = 84A4B4722A82A27D00C291C9 /* LoginView.swift */; };
		84A68C6D2AAB37FC009BD467 /* DummyViewController.swift in Sources */ = {isa = PBXBuildFile; fileRef = 84A68C6C2AAB37FC009BD467 /* DummyViewController.swift */; };
		84FECF342AADC64B00F94A54 /* AccountSummaryCell.swift in Sources */ = {isa = PBXBuildFile; fileRef = 84FECF332AADC64B00F94A54 /* AccountSummaryCell.swift */; };
/* End PBXBuildFile section */

/* Begin PBXContainerItemProxy section */
		8434187E2AE9FBE000D8F071 /* PBXContainerItemProxy */ = {
			isa = PBXContainerItemProxy;
			containerPortal = 84A4B4502A829F1200C291C9 /* Project object */;
			proxyType = 1;
			remoteGlobalIDString = 84A4B4572A829F1200C291C9;
			remoteInfo = Bankey;
		};
/* End PBXContainerItemProxy section */

/* Begin PBXFileReference section */
		8413AB7B2AAC008F0053B71D /* UIViewCOntroller+Utils.swift */ = {isa = PBXFileReference; lastKnownFileType = sourcecode.swift; path = "UIViewCOntroller+Utils.swift"; sourceTree = "<group>"; };
		8413AB7D2AAC032F0053B71D /* MainViewController.swift */ = {isa = PBXFileReference; lastKnownFileType = sourcecode.swift; path = MainViewController.swift; sourceTree = "<group>"; };
		8413AB812AAC81970053B71D /* AccountSummaryViewController.swift */ = {isa = PBXFileReference; lastKnownFileType = sourcecode.swift; path = AccountSummaryViewController.swift; sourceTree = "<group>"; };
		8413AB832AAC906E0053B71D /* AccounSummaryHeaderView.swift */ = {isa = PBXFileReference; lastKnownFileType = sourcecode.swift; path = AccounSummaryHeaderView.swift; sourceTree = "<group>"; };
		8413AB852AAC91680053B71D /* AccountSummaryheaderView.xib */ = {isa = PBXFileReference; lastKnownFileType = file.xib; path = AccountSummaryheaderView.xib; sourceTree = "<group>"; };
		8434187A2AE9FBE000D8F071 /* BankeyUnitTests.xctest */ = {isa = PBXFileReference; explicitFileType = wrapper.cfbundle; includeInIndex = 0; path = BankeyUnitTests.xctest; sourceTree = BUILT_PRODUCTS_DIR; };
		843418832AE9FD0800D8F071 /* CurrencyFormatterTests.swift */ = {isa = PBXFileReference; lastKnownFileType = sourcecode.swift; path = CurrencyFormatterTests.swift; sourceTree = "<group>"; };
		846351AA2AAED6B1004CD857 /* DecimalUtils.swift */ = {isa = PBXFileReference; lastKnownFileType = sourcecode.swift; path = DecimalUtils.swift; sourceTree = "<group>"; };
		846351AC2AAED74F004CD857 /* CurencyFormatter.swift */ = {isa = PBXFileReference; lastKnownFileType = sourcecode.swift; path = CurencyFormatter.swift; sourceTree = "<group>"; };
		847A67A32AAB52980061BC57 /* LocalState.swift */ = {isa = PBXFileReference; lastKnownFileType = sourcecode.swift; path = LocalState.swift; sourceTree = "<group>"; };
		84A297972A83AB2F001DEBCD /* OnboardingViewController.swift */ = {isa = PBXFileReference; lastKnownFileType = sourcecode.swift; path = OnboardingViewController.swift; sourceTree = "<group>"; };
		84A297992A83AECD001DEBCD /* OnboardingContainerViewController.swift */ = {isa = PBXFileReference; lastKnownFileType = sourcecode.swift; path = OnboardingContainerViewController.swift; sourceTree = "<group>"; };
		84A4B4582A829F1200C291C9 /* Bankey.app */ = {isa = PBXFileReference; explicitFileType = wrapper.application; includeInIndex = 0; path = Bankey.app; sourceTree = BUILT_PRODUCTS_DIR; };
		84A4B45B2A829F1200C291C9 /* AppDelegate.swift */ = {isa = PBXFileReference; lastKnownFileType = sourcecode.swift; path = AppDelegate.swift; sourceTree = "<group>"; };
		84A4B45F2A829F1200C291C9 /* LoginViewController.swift */ = {isa = PBXFileReference; lastKnownFileType = sourcecode.swift; path = LoginViewController.swift; sourceTree = "<group>"; };
		84A4B4642A829F1400C291C9 /* Assets.xcassets */ = {isa = PBXFileReference; lastKnownFileType = folder.assetcatalog; path = Assets.xcassets; sourceTree = "<group>"; };
		84A4B4672A829F1400C291C9 /* Base */ = {isa = PBXFileReference; lastKnownFileType = file.storyboard; name = Base; path = Base.lproj/LaunchScreen.storyboard; sourceTree = "<group>"; };
		84A4B4692A829F1400C291C9 /* Info.plist */ = {isa = PBXFileReference; lastKnownFileType = text.plist.xml; path = Info.plist; sourceTree = "<group>"; };
		84A4B4722A82A27D00C291C9 /* LoginView.swift */ = {isa = PBXFileReference; lastKnownFileType = sourcecode.swift; path = LoginView.swift; sourceTree = "<group>"; };
		84A68C6C2AAB37FC009BD467 /* DummyViewController.swift */ = {isa = PBXFileReference; lastKnownFileType = sourcecode.swift; path = DummyViewController.swift; sourceTree = "<group>"; };
		84FECF332AADC64B00F94A54 /* AccountSummaryCell.swift */ = {isa = PBXFileReference; lastKnownFileType = sourcecode.swift; path = AccountSummaryCell.swift; sourceTree = "<group>"; };
/* End PBXFileReference section */

/* Begin PBXFrameworksBuildPhase section */
		843418772AE9FBE000D8F071 /* Frameworks */ = {
			isa = PBXFrameworksBuildPhase;
			buildActionMask = 2147483647;
			files = (
			);
			runOnlyForDeploymentPostprocessing = 0;
		};
		84A4B4552A829F1200C291C9 /* Frameworks */ = {
			isa = PBXFrameworksBuildPhase;
			buildActionMask = 2147483647;
			files = (
			);
			runOnlyForDeploymentPostprocessing = 0;
		};
/* End PBXFrameworksBuildPhase section */

/* Begin PBXGroup section */
		8413AB802AAC81230053B71D /* AccountSummary */ = {
			isa = PBXGroup;
			children = (
				8413AB812AAC81970053B71D /* AccountSummaryViewController.swift */,
				84FECF312AADC60400F94A54 /* Header */,
				84FECF322AADC61600F94A54 /* Cells */,
			);
			path = AccountSummary;
			sourceTree = "<group>";
		};
		8434187B2AE9FBE000D8F071 /* BankeyUnitTests */ = {
			isa = PBXGroup;
			children = (
				843418832AE9FD0800D8F071 /* CurrencyFormatterTests.swift */,
			);
			path = BankeyUnitTests;
			sourceTree = "<group>";
		};
		847A67A22AAB52800061BC57 /* Utils */ = {
			isa = PBXGroup;
			children = (
				847A67A32AAB52980061BC57 /* LocalState.swift */,
				8413AB7B2AAC008F0053B71D /* UIViewCOntroller+Utils.swift */,
				846351AA2AAED6B1004CD857 /* DecimalUtils.swift */,
				846351AC2AAED74F004CD857 /* CurencyFormatter.swift */,
			);
			path = Utils;
			sourceTree = "<group>";
		};
		84A297942A8361AC001DEBCD /* Onboarding */ = {
			isa = PBXGroup;
			children = (
				84A297972A83AB2F001DEBCD /* OnboardingViewController.swift */,
				84A297992A83AECD001DEBCD /* OnboardingContainerViewController.swift */,
			);
			path = Onboarding;
			sourceTree = "<group>";
		};
		84A4B44F2A829F1200C291C9 = {
			isa = PBXGroup;
			children = (
				84A4B45A2A829F1200C291C9 /* Bankey */,
				8434187B2AE9FBE000D8F071 /* BankeyUnitTests */,
				84A4B4592A829F1200C291C9 /* Products */,
			);
			sourceTree = "<group>";
		};
		84A4B4592A829F1200C291C9 /* Products */ = {
			isa = PBXGroup;
			children = (
				84A4B4582A829F1200C291C9 /* Bankey.app */,
				8434187A2AE9FBE000D8F071 /* BankeyUnitTests.xctest */,
			);
			name = Products;
			sourceTree = "<group>";
		};
		84A4B45A2A829F1200C291C9 /* Bankey */ = {
			isa = PBXGroup;
			children = (
				84A4B4712A82A23B00C291C9 /* Login */,
				84A297942A8361AC001DEBCD /* Onboarding */,
				8413AB802AAC81230053B71D /* AccountSummary */,
				847A67A22AAB52800061BC57 /* Utils */,
				84A4B45B2A829F1200C291C9 /* AppDelegate.swift */,
				8413AB7D2AAC032F0053B71D /* MainViewController.swift */,
				84A4B4702A82A22900C291C9 /* Files */,
			);
			path = Bankey;
			sourceTree = "<group>";
		};
		84A4B4702A82A22900C291C9 /* Files */ = {
			isa = PBXGroup;
			children = (
				84A4B4642A829F1400C291C9 /* Assets.xcassets */,
				84A4B4662A829F1400C291C9 /* LaunchScreen.storyboard */,
				84A4B4692A829F1400C291C9 /* Info.plist */,
			);
			name = Files;
			sourceTree = "<group>";
		};
		84A4B4712A82A23B00C291C9 /* Login */ = {
			isa = PBXGroup;
			children = (
				84A4B45F2A829F1200C291C9 /* LoginViewController.swift */,
				84A4B4722A82A27D00C291C9 /* LoginView.swift */,
				84A68C6C2AAB37FC009BD467 /* DummyViewController.swift */,
			);
			path = Login;
			sourceTree = "<group>";
		};
		84FECF312AADC60400F94A54 /* Header */ = {
			isa = PBXGroup;
			children = (
				8413AB832AAC906E0053B71D /* AccounSummaryHeaderView.swift */,
				8413AB852AAC91680053B71D /* AccountSummaryheaderView.xib */,
			);
			path = Header;
			sourceTree = "<group>";
		};
		84FECF322AADC61600F94A54 /* Cells */ = {
			isa = PBXGroup;
			children = (
				84FECF332AADC64B00F94A54 /* AccountSummaryCell.swift */,
			);
			path = Cells;
			sourceTree = "<group>";
		};
/* End PBXGroup section */

/* Begin PBXNativeTarget section */
		843418792AE9FBE000D8F071 /* BankeyUnitTests */ = {
			isa = PBXNativeTarget;
			buildConfigurationList = 843418822AE9FBE000D8F071 /* Build configuration list for PBXNativeTarget "BankeyUnitTests" */;
			buildPhases = (
				843418762AE9FBE000D8F071 /* Sources */,
				843418772AE9FBE000D8F071 /* Frameworks */,
				843418782AE9FBE000D8F071 /* Resources */,
			);
			buildRules = (
			);
			dependencies = (
				8434187F2AE9FBE000D8F071 /* PBXTargetDependency */,
			);
			name = BankeyUnitTests;
			productName = BankeyUnitTests;
			productReference = 8434187A2AE9FBE000D8F071 /* BankeyUnitTests.xctest */;
			productType = "com.apple.product-type.bundle.unit-test";
		};
		84A4B4572A829F1200C291C9 /* Bankey */ = {
			isa = PBXNativeTarget;
			buildConfigurationList = 84A4B46C2A829F1400C291C9 /* Build configuration list for PBXNativeTarget "Bankey" */;
			buildPhases = (
				84A4B4542A829F1200C291C9 /* Sources */,
				84A4B4552A829F1200C291C9 /* Frameworks */,
				84A4B4562A829F1200C291C9 /* Resources */,
			);
			buildRules = (
			);
			dependencies = (
			);
			name = Bankey;
			productName = Bankey;
			productReference = 84A4B4582A829F1200C291C9 /* Bankey.app */;
			productType = "com.apple.product-type.application";
		};
/* End PBXNativeTarget section */

/* Begin PBXProject section */
		84A4B4502A829F1200C291C9 /* Project object */ = {
			isa = PBXProject;
			attributes = {
				BuildIndependentTargetsInParallel = 1;
				LastSwiftUpdateCheck = 1400;
				LastUpgradeCheck = 1400;
				TargetAttributes = {
					843418792AE9FBE000D8F071 = {
						CreatedOnToolsVersion = 14.0.1;
						LastSwiftMigration = 1400;
						TestTargetID = 84A4B4572A829F1200C291C9;
					};
					84A4B4572A829F1200C291C9 = {
						CreatedOnToolsVersion = 14.0.1;
					};
				};
			};
			buildConfigurationList = 84A4B4532A829F1200C291C9 /* Build configuration list for PBXProject "Bankey" */;
			compatibilityVersion = "Xcode 14.0";
			developmentRegion = en;
			hasScannedForEncodings = 0;
			knownRegions = (
				en,
				Base,
			);
			mainGroup = 84A4B44F2A829F1200C291C9;
			productRefGroup = 84A4B4592A829F1200C291C9 /* Products */;
			projectDirPath = "";
			projectRoot = "";
			targets = (
				84A4B4572A829F1200C291C9 /* Bankey */,
				843418792AE9FBE000D8F071 /* BankeyUnitTests */,
			);
		};
/* End PBXProject section */

/* Begin PBXResourcesBuildPhase section */
		843418782AE9FBE000D8F071 /* Resources */ = {
			isa = PBXResourcesBuildPhase;
			buildActionMask = 2147483647;
			files = (
			);
			runOnlyForDeploymentPostprocessing = 0;
		};
		84A4B4562A829F1200C291C9 /* Resources */ = {
			isa = PBXResourcesBuildPhase;
			buildActionMask = 2147483647;
			files = (
				84A4B4682A829F1400C291C9 /* LaunchScreen.storyboard in Resources */,
				84A4B4652A829F1400C291C9 /* Assets.xcassets in Resources */,
				8413AB862AAC91680053B71D /* AccountSummaryheaderView.xib in Resources */,
			);
			runOnlyForDeploymentPostprocessing = 0;
		};
/* End PBXResourcesBuildPhase section */

/* Begin PBXSourcesBuildPhase section */
		843418762AE9FBE000D8F071 /* Sources */ = {
			isa = PBXSourcesBuildPhase;
			buildActionMask = 2147483647;
			files = (
				843418842AE9FD0800D8F071 /* CurrencyFormatterTests.swift in Sources */,
			);
			runOnlyForDeploymentPostprocessing = 0;
		};
		84A4B4542A829F1200C291C9 /* Sources */ = {
			isa = PBXSourcesBuildPhase;
			buildActionMask = 2147483647;
			files = (
				8413AB7C2AAC008F0053B71D /* UIViewCOntroller+Utils.swift in Sources */,
				84A4B4732A82A27D00C291C9 /* LoginView.swift in Sources */,
				847A67A42AAB52980061BC57 /* LocalState.swift in Sources */,
				84A68C6D2AAB37FC009BD467 /* DummyViewController.swift in Sources */,
				8413AB842AAC906E0053B71D /* AccounSummaryHeaderView.swift in Sources */,
				846351AB2AAED6B1004CD857 /* DecimalUtils.swift in Sources */,
				846351AD2AAED74F004CD857 /* CurencyFormatter.swift in Sources */,
				84A4B4602A829F1200C291C9 /* LoginViewController.swift in Sources */,
				84FECF342AADC64B00F94A54 /* AccountSummaryCell.swift in Sources */,
				84A297982A83AB2F001DEBCD /* OnboardingViewController.swift in Sources */,
				8413AB7E2AAC03300053B71D /* MainViewController.swift in Sources */,
				8413AB822AAC81970053B71D /* AccountSummaryViewController.swift in Sources */,
				84A2979A2A83AECD001DEBCD /* OnboardingContainerViewController.swift in Sources */,
				84A4B45C2A829F1200C291C9 /* AppDelegate.swift in Sources */,
			);
			runOnlyForDeploymentPostprocessing = 0;
		};
/* End PBXSourcesBuildPhase section */

/* Begin PBXTargetDependency section */
		8434187F2AE9FBE000D8F071 /* PBXTargetDependency */ = {
			isa = PBXTargetDependency;
			target = 84A4B4572A829F1200C291C9 /* Bankey */;
			targetProxy = 8434187E2AE9FBE000D8F071 /* PBXContainerItemProxy */;
		};
/* End PBXTargetDependency section */

/* Begin PBXVariantGroup section */
		84A4B4662A829F1400C291C9 /* LaunchScreen.storyboard */ = {
			isa = PBXVariantGroup;
			children = (
				84A4B4672A829F1400C291C9 /* Base */,
			);
			name = LaunchScreen.storyboard;
			sourceTree = "<group>";
		};
/* End PBXVariantGroup section */

/* Begin XCBuildConfiguration section */
		843418802AE9FBE000D8F071 /* Debug */ = {
			isa = XCBuildConfiguration;
			buildSettings = {
				BUNDLE_LOADER = "$(TEST_HOST)";
				CLANG_ENABLE_MODULES = YES;
				CODE_SIGN_STYLE = Automatic;
				CURRENT_PROJECT_VERSION = 1;
				DEVELOPMENT_TEAM = 4N88KY43XS;
				GENERATE_INFOPLIST_FILE = YES;
				LD_RUNPATH_SEARCH_PATHS = (
					"$(inherited)",
					"@executable_path/Frameworks",
					"@loader_path/Frameworks",
				);
				MARKETING_VERSION = 1.0;
				PRODUCT_BUNDLE_IDENTIFIER = com.aditya.BankeyUnitTests;
				PRODUCT_NAME = "$(TARGET_NAME)";
				SWIFT_EMIT_LOC_STRINGS = NO;
				SWIFT_OPTIMIZATION_LEVEL = "-Onone";
				SWIFT_VERSION = 5.0;
				TARGETED_DEVICE_FAMILY = "1,2";
				TEST_HOST = "$(BUILT_PRODUCTS_DIR)/Bankey.app/$(BUNDLE_EXECUTABLE_FOLDER_PATH)/Bankey";
			};
			name = Debug;
		};
		843418812AE9FBE000D8F071 /* Release */ = {
			isa = XCBuildConfiguration;
			buildSettings = {
				BUNDLE_LOADER = "$(TEST_HOST)";
				CLANG_ENABLE_MODULES = YES;
				CODE_SIGN_STYLE = Automatic;
				CURRENT_PROJECT_VERSION = 1;
				DEVELOPMENT_TEAM = 4N88KY43XS;
				GENERATE_INFOPLIST_FILE = YES;
				LD_RUNPATH_SEARCH_PATHS = (
					"$(inherited)",
					"@executable_path/Frameworks",
					"@loader_path/Frameworks",
				);
				MARKETING_VERSION = 1.0;
				PRODUCT_BUNDLE_IDENTIFIER = com.aditya.BankeyUnitTests;
				PRODUCT_NAME = "$(TARGET_NAME)";
				SWIFT_EMIT_LOC_STRINGS = NO;
				SWIFT_VERSION = 5.0;
				TARGETED_DEVICE_FAMILY = "1,2";
				TEST_HOST = "$(BUILT_PRODUCTS_DIR)/Bankey.app/$(BUNDLE_EXECUTABLE_FOLDER_PATH)/Bankey";
			};
			name = Release;
		};
		84A4B46A2A829F1400C291C9 /* Debug */ = {
			isa = XCBuildConfiguration;
			buildSettings = {
				ALWAYS_SEARCH_USER_PATHS = NO;
				CLANG_ANALYZER_NONNULL = YES;
				CLANG_ANALYZER_NUMBER_OBJECT_CONVERSION = YES_AGGRESSIVE;
				CLANG_CXX_LANGUAGE_STANDARD = "gnu++20";
				CLANG_ENABLE_MODULES = YES;
				CLANG_ENABLE_OBJC_ARC = YES;
				CLANG_ENABLE_OBJC_WEAK = YES;
				CLANG_WARN_BLOCK_CAPTURE_AUTORELEASING = YES;
				CLANG_WARN_BOOL_CONVERSION = YES;
				CLANG_WARN_COMMA = YES;
				CLANG_WARN_CONSTANT_CONVERSION = YES;
				CLANG_WARN_DEPRECATED_OBJC_IMPLEMENTATIONS = YES;
				CLANG_WARN_DIRECT_OBJC_ISA_USAGE = YES_ERROR;
				CLANG_WARN_DOCUMENTATION_COMMENTS = YES;
				CLANG_WARN_EMPTY_BODY = YES;
				CLANG_WARN_ENUM_CONVERSION = YES;
				CLANG_WARN_INFINITE_RECURSION = YES;
				CLANG_WARN_INT_CONVERSION = YES;
				CLANG_WARN_NON_LITERAL_NULL_CONVERSION = YES;
				CLANG_WARN_OBJC_IMPLICIT_RETAIN_SELF = YES;
				CLANG_WARN_OBJC_LITERAL_CONVERSION = YES;
				CLANG_WARN_OBJC_ROOT_CLASS = YES_ERROR;
				CLANG_WARN_QUOTED_INCLUDE_IN_FRAMEWORK_HEADER = YES;
				CLANG_WARN_RANGE_LOOP_ANALYSIS = YES;
				CLANG_WARN_STRICT_PROTOTYPES = YES;
				CLANG_WARN_SUSPICIOUS_MOVE = YES;
				CLANG_WARN_UNGUARDED_AVAILABILITY = YES_AGGRESSIVE;
				CLANG_WARN_UNREACHABLE_CODE = YES;
				CLANG_WARN__DUPLICATE_METHOD_MATCH = YES;
				COPY_PHASE_STRIP = NO;
				DEBUG_INFORMATION_FORMAT = dwarf;
				ENABLE_STRICT_OBJC_MSGSEND = YES;
				ENABLE_TESTABILITY = YES;
				GCC_C_LANGUAGE_STANDARD = gnu11;
				GCC_DYNAMIC_NO_PIC = NO;
				GCC_NO_COMMON_BLOCKS = YES;
				GCC_OPTIMIZATION_LEVEL = 0;
				GCC_PREPROCESSOR_DEFINITIONS = (
					"DEBUG=1",
					"$(inherited)",
				);
				GCC_WARN_64_TO_32_BIT_CONVERSION = YES;
				GCC_WARN_ABOUT_RETURN_TYPE = YES_ERROR;
				GCC_WARN_UNDECLARED_SELECTOR = YES;
				GCC_WARN_UNINITIALIZED_AUTOS = YES_AGGRESSIVE;
				GCC_WARN_UNUSED_FUNCTION = YES;
				GCC_WARN_UNUSED_VARIABLE = YES;
				IPHONEOS_DEPLOYMENT_TARGET = 16.0;
				MTL_ENABLE_DEBUG_INFO = INCLUDE_SOURCE;
				MTL_FAST_MATH = YES;
				ONLY_ACTIVE_ARCH = YES;
				SDKROOT = iphoneos;
				SWIFT_ACTIVE_COMPILATION_CONDITIONS = DEBUG;
				SWIFT_OPTIMIZATION_LEVEL = "-Onone";
			};
			name = Debug;
		};
		84A4B46B2A829F1400C291C9 /* Release */ = {
			isa = XCBuildConfiguration;
			buildSettings = {
				ALWAYS_SEARCH_USER_PATHS = NO;
				CLANG_ANALYZER_NONNULL = YES;
				CLANG_ANALYZER_NUMBER_OBJECT_CONVERSION = YES_AGGRESSIVE;
				CLANG_CXX_LANGUAGE_STANDARD = "gnu++20";
				CLANG_ENABLE_MODULES = YES;
				CLANG_ENABLE_OBJC_ARC = YES;
				CLANG_ENABLE_OBJC_WEAK = YES;
				CLANG_WARN_BLOCK_CAPTURE_AUTORELEASING = YES;
				CLANG_WARN_BOOL_CONVERSION = YES;
				CLANG_WARN_COMMA = YES;
				CLANG_WARN_CONSTANT_CONVERSION = YES;
				CLANG_WARN_DEPRECATED_OBJC_IMPLEMENTATIONS = YES;
				CLANG_WARN_DIRECT_OBJC_ISA_USAGE = YES_ERROR;
				CLANG_WARN_DOCUMENTATION_COMMENTS = YES;
				CLANG_WARN_EMPTY_BODY = YES;
				CLANG_WARN_ENUM_CONVERSION = YES;
				CLANG_WARN_INFINITE_RECURSION = YES;
				CLANG_WARN_INT_CONVERSION = YES;
				CLANG_WARN_NON_LITERAL_NULL_CONVERSION = YES;
				CLANG_WARN_OBJC_IMPLICIT_RETAIN_SELF = YES;
				CLANG_WARN_OBJC_LITERAL_CONVERSION = YES;
				CLANG_WARN_OBJC_ROOT_CLASS = YES_ERROR;
				CLANG_WARN_QUOTED_INCLUDE_IN_FRAMEWORK_HEADER = YES;
				CLANG_WARN_RANGE_LOOP_ANALYSIS = YES;
				CLANG_WARN_STRICT_PROTOTYPES = YES;
				CLANG_WARN_SUSPICIOUS_MOVE = YES;
				CLANG_WARN_UNGUARDED_AVAILABILITY = YES_AGGRESSIVE;
				CLANG_WARN_UNREACHABLE_CODE = YES;
				CLANG_WARN__DUPLICATE_METHOD_MATCH = YES;
				COPY_PHASE_STRIP = NO;
				DEBUG_INFORMATION_FORMAT = "dwarf-with-dsym";
				ENABLE_NS_ASSERTIONS = NO;
				ENABLE_STRICT_OBJC_MSGSEND = YES;
				GCC_C_LANGUAGE_STANDARD = gnu11;
				GCC_NO_COMMON_BLOCKS = YES;
				GCC_WARN_64_TO_32_BIT_CONVERSION = YES;
				GCC_WARN_ABOUT_RETURN_TYPE = YES_ERROR;
				GCC_WARN_UNDECLARED_SELECTOR = YES;
				GCC_WARN_UNINITIALIZED_AUTOS = YES_AGGRESSIVE;
				GCC_WARN_UNUSED_FUNCTION = YES;
				GCC_WARN_UNUSED_VARIABLE = YES;
				IPHONEOS_DEPLOYMENT_TARGET = 16.0;
				MTL_ENABLE_DEBUG_INFO = NO;
				MTL_FAST_MATH = YES;
				SDKROOT = iphoneos;
				SWIFT_COMPILATION_MODE = wholemodule;
				SWIFT_OPTIMIZATION_LEVEL = "-O";
				VALIDATE_PRODUCT = YES;
			};
			name = Release;
		};
		84A4B46D2A829F1400C291C9 /* Debug */ = {
			isa = XCBuildConfiguration;
			buildSettings = {
				ASSETCATALOG_COMPILER_APPICON_NAME = AppIcon;
				ASSETCATALOG_COMPILER_GLOBAL_ACCENT_COLOR_NAME = AccentColor;
				CODE_SIGN_STYLE = Automatic;
				CURRENT_PROJECT_VERSION = 1;
				DEVELOPMENT_TEAM = 4N88KY43XS;
				GENERATE_INFOPLIST_FILE = YES;
				INFOPLIST_FILE = Bankey/Info.plist;
				INFOPLIST_KEY_UIApplicationSupportsIndirectInputEvents = YES;
				INFOPLIST_KEY_UILaunchStoryboardName = LaunchScreen;
				INFOPLIST_KEY_UIMainStoryboardFile = "";
				INFOPLIST_KEY_UISupportedInterfaceOrientations_iPad = "UIInterfaceOrientationPortrait UIInterfaceOrientationPortraitUpsideDown UIInterfaceOrientationLandscapeLeft UIInterfaceOrientationLandscapeRight";
				INFOPLIST_KEY_UISupportedInterfaceOrientations_iPhone = "UIInterfaceOrientationPortrait UIInterfaceOrientationLandscapeLeft UIInterfaceOrientationLandscapeRight";
				LD_RUNPATH_SEARCH_PATHS = (
					"$(inherited)",
					"@executable_path/Frameworks",
				);
				MARKETING_VERSION = 1.0;
				PRODUCT_BUNDLE_IDENTIFIER = com.aditya.Bankey;
				PRODUCT_NAME = "$(TARGET_NAME)";
				SWIFT_EMIT_LOC_STRINGS = YES;
				SWIFT_VERSION = 5.0;
				TARGETED_DEVICE_FAMILY = "1,2";
			};
			name = Debug;
		};
		84A4B46E2A829F1400C291C9 /* Release */ = {
			isa = XCBuildConfiguration;
			buildSettings = {
				ASSETCATALOG_COMPILER_APPICON_NAME = AppIcon;
				ASSETCATALOG_COMPILER_GLOBAL_ACCENT_COLOR_NAME = AccentColor;
				CODE_SIGN_STYLE = Automatic;
				CURRENT_PROJECT_VERSION = 1;
				DEVELOPMENT_TEAM = 4N88KY43XS;
				GENERATE_INFOPLIST_FILE = YES;
				INFOPLIST_FILE = Bankey/Info.plist;
				INFOPLIST_KEY_UIApplicationSupportsIndirectInputEvents = YES;
				INFOPLIST_KEY_UILaunchStoryboardName = LaunchScreen;
				INFOPLIST_KEY_UIMainStoryboardFile = "";
				INFOPLIST_KEY_UISupportedInterfaceOrientations_iPad = "UIInterfaceOrientationPortrait UIInterfaceOrientationPortraitUpsideDown UIInterfaceOrientationLandscapeLeft UIInterfaceOrientationLandscapeRight";
				INFOPLIST_KEY_UISupportedInterfaceOrientations_iPhone = "UIInterfaceOrientationPortrait UIInterfaceOrientationLandscapeLeft UIInterfaceOrientationLandscapeRight";
				LD_RUNPATH_SEARCH_PATHS = (
					"$(inherited)",
					"@executable_path/Frameworks",
				);
				MARKETING_VERSION = 1.0;
				PRODUCT_BUNDLE_IDENTIFIER = com.aditya.Bankey;
				PRODUCT_NAME = "$(TARGET_NAME)";
				SWIFT_EMIT_LOC_STRINGS = YES;
				SWIFT_VERSION = 5.0;
				TARGETED_DEVICE_FAMILY = "1,2";
			};
			name = Release;
		};
/* End XCBuildConfiguration section */

/* Begin XCConfigurationList section */
		843418822AE9FBE000D8F071 /* Build configuration list for PBXNativeTarget "BankeyUnitTests" */ = {
			isa = XCConfigurationList;
			buildConfigurations = (
				843418802AE9FBE000D8F071 /* Debug */,
				843418812AE9FBE000D8F071 /* Release */,
			);
			defaultConfigurationIsVisible = 0;
			defaultConfigurationName = Release;
		};
		84A4B4532A829F1200C291C9 /* Build configuration list for PBXProject "Bankey" */ = {
			isa = XCConfigurationList;
			buildConfigurations = (
				84A4B46A2A829F1400C291C9 /* Debug */,
				84A4B46B2A829F1400C291C9 /* Release */,
			);
			defaultConfigurationIsVisible = 0;
			defaultConfigurationName = Release;
		};
		84A4B46C2A829F1400C291C9 /* Build configuration list for PBXNativeTarget "Bankey" */ = {
			isa = XCConfigurationList;
			buildConfigurations = (
				84A4B46D2A829F1400C291C9 /* Debug */,
				84A4B46E2A829F1400C291C9 /* Release */,
			);
			defaultConfigurationIsVisible = 0;
			defaultConfigurationName = Release;
		};
/* End XCConfigurationList section */
	};
	rootObject = 84A4B4502A829F1200C291C9 /* Project object */;
}
